
Microsoft Visual Studio Solution File, Format Version 12.00
# Visual Studio Version 17
VisualStudioVersion = 17.14.36127.28 d17.14
MinimumVisualStudioVersion = 10.0.40219.1
Project("{FAE04EC0-301F-11D3-BF4B-00C04F79EFBC}") = "01_di", "01_di\01_di.csproj", "{6F484BCD-B2B2-462E-8922-4D140631E7E4}"
EndProject
Project("{FAE04EC0-301F-11D3-BF4B-00C04F79EFBC}") = "dotnet_DIC_example", "dotnet_DIC_example\dotnet_DIC_example.csproj", "{DE9CB96D-62B0-4134-9254-4919636A4CE2}"
EndProject
Global
	GlobalSection(SolutionConfigurationPlatforms) = preSolution
		Debug|Any CPU = Debug|Any CPU
		Release|Any CPU = Release|Any CPU
	EndGlobalSection
	GlobalSection(ProjectConfigurationPlatforms) = postSolution
		{6F484BCD-B2B2-462E-8922-4D140631E7E4}.Debug|Any CPU.ActiveCfg = Debug|Any CPU
		{6F484BCD-B2B2-462E-8922-4D140631E7E4}.Debug|Any CPU.Build.0 = Debug|Any CPU
		{6F484BCD-B2B2-462E-8922-4D140631E7E4}.Release|Any CPU.ActiveCfg = Release|Any CPU
		{6F484BCD-B2B2-462E-8922-4D140631E7E4}.Release|Any CPU.Build.0 = Release|Any CPU
		{DE9CB96D-62B0-4134-9254-4919636A4CE2}.Debug|Any CPU.ActiveCfg = Debug|Any CPU
		{DE9CB96D-62B0-4134-9254-4919636A4CE2}.Debug|Any CPU.Build.0 = Debug|Any CPU
		{DE9CB96D-62B0-4134-9254-4919636A4CE2}.Release|Any CPU.ActiveCfg = Release|Any CPU
		{DE9CB96D-62B0-4134-9254-4919636A4CE2}.Release|Any CPU.Build.0 = Release|Any CPU
	EndGlobalSection
	GlobalSection(SolutionProperties) = preSolution
		HideSolutionNode = FALSE
	EndGlobalSection
	GlobalSection(ExtensibilityGlobals) = postSolution
		SolutionGuid = {48D514A3-F46B-4317-97D0-7859E6CDD030}
	EndGlobalSection
EndGlobal
